Microsoft Visual Studio Solution File, Format Version 12.00
# Visual Studio Version 17
VisualStudioVersion = 17.5.2.0
MinimumVisualStudioVersion = 10.0.40219.1
Project("{FAE04EC0-301F-11D3-BF4B-00C04F79EFBC}") = "GreenStore", "GreenStore.csproj", "{D4EDDDCC-D97E-B9D7-32EC-DD6945052DDB}"
EndProject
Global
	GlobalSection(SolutionConfigurationPlatforms) = preSolution
		Debug|Any CPU = Debug|Any CPU
		Release|Any CPU = Release|Any CPU
	EndGlobalSection
	GlobalSection(ProjectConfigurationPlatforms) = postSolution
		{D4EDDDCC-D97E-B9D7-32EC-DD6945052DDB}.Debug|Any CPU.ActiveCfg = Debug|Any CPU
		{D4EDDDCC-D97E-B9D7-32EC-DD6945052DDB}.Debug|Any CPU.Build.0 = Debug|Any CPU
		{D4EDDDCC-D97E-B9D7-32EC-DD6945052DDB}.Release|Any CPU.ActiveCfg = Release|Any CPU
		{D4EDDDCC-D97E-B9D7-32EC-DD6945052DDB}.Release|Any CPU.Build.0 = Release|Any CPU
	EndGlobalSection
	GlobalSection(SolutionProperties) = preSolution
		HideSolutionNode = FALSE
	EndGlobalSection
	GlobalSection(ExtensibilityGlobals) = postSolution
		SolutionGuid = {7A8604FC-5B3A-464F-B5B1-E2704D6E5F85}
	EndGlobalSection
EndGlobal
